<?xml version="1.0" encoding="utf-8"?>
<Project ToolsVersion="4.0" xmlns="http://schemas.microsoft.com/developer/msbuild/2003">
  <ItemGroup>
    <Filter Include="シェーダー ファイル">
      <UniqueIdentifier>{718c7f4c-fc51-40ad-a221-b9456a7a1a3c}</UniqueIdentifier>
    </Filter>
    <Filter Include="2d">
      <UniqueIdentifier>{96135050-efba-425e-a9fe-8881bd7caad8}</UniqueIdentifier>
    </Filter>
    <Filter Include="3d">
      <UniqueIdentifier>{8ccef709-d514-43f7-ad35-629a9edd5057}</UniqueIdentifier>
    </Filter>
    <Filter Include="audo">
      <UniqueIdentifier>{3a0044cc-1b7d-4ed5-a1a6-9074ed1b1769}</UniqueIdentifier>
    </Filter>
    <Filter Include="base">
      <UniqueIdentifier>{74394124-7d35-4440-8404-7b478262b455}</UniqueIdentifier>
    </Filter>
    <Filter Include="input">
      <UniqueIdentifier>{d461f61e-3cc4-4b11-b521-37a61c927ae5}</UniqueIdentifier>
    </Filter>
    <Filter Include="scene">
      <UniqueIdentifier>{8f83101b-6ce3-4c73-a4d3-5052382dedab}</UniqueIdentifier>
    </Filter>
    <Filter Include="GameObject">
      <UniqueIdentifier>{212b57b1-8e3f-4bd7-9f2e-176d83770a80}</UniqueIdentifier>
    </Filter>
    <Filter Include="const">
      <UniqueIdentifier>{f017213c-acce-4b5a-a04e-c258ca469f66}</UniqueIdentifier>
    </Filter>
    <Filter Include="enum">
      <UniqueIdentifier>{298f889e-628a-449e-a8d0-4e0965dbedb7}</UniqueIdentifier>
    </Filter>
    <Filter Include="math">
      <UniqueIdentifier>{647f4977-924a-4954-923f-5619e5afc9a3}</UniqueIdentifier>
    </Filter>
    <Filter Include="GameObject\Object">
      <UniqueIdentifier>{e0101bf2-858c-4e6b-bb63-499231b3250d}</UniqueIdentifier>
    </Filter>
    <Filter Include="GameObject\Object\Manager">
      <UniqueIdentifier>{c5900107-a53b-4f4c-87e5-848fe28e7fdb}</UniqueIdentifier>
    </Filter>
    <Filter Include="collision">
      <UniqueIdentifier>{886a334d-bbf2-4a73-9237-5120f5cd4289}</UniqueIdentifier>
    </Filter>
    <Filter Include="camera">
      <UniqueIdentifier>{79e687bc-e7f6-4855-a524-e0c96c7c1b53}</UniqueIdentifier>
    </Filter>
    <Filter Include="GameObject\Sprite">
      <UniqueIdentifier>{78a3e32a-41e4-4753-910d-849965a0c7b4}</UniqueIdentifier>
    </Filter>
    <Filter Include="GameObject\Sprite\Manager">
      <UniqueIdentifier>{ff43b363-7b74-4aec-9e4d-d299ce0c3a07}</UniqueIdentifier>
    </Filter>
    <Filter Include="GameObject\Particle">
      <UniqueIdentifier>{35606a50-db5d-4ad6-ba1c-953c111dcb6d}</UniqueIdentifier>
    </Filter>
    <Filter Include="GameObject\Particle\Manager">
      <UniqueIdentifier>{b12d8b0d-f754-4876-a61b-9c6a3f4b86f7}</UniqueIdentifier>
    </Filter>
  </ItemGroup>
  <ItemGroup>
    <ClCompile Include="scene\GameScene.cpp">
      <Filter>scene</Filter>
    </ClCompile>
    <ClCompile Include="2d\ImGuiManager.cpp">
      <Filter>2d</Filter>
    </ClCompile>
    <ClCompile Include="base\DirectXCommon.cpp">
      <Filter>base</Filter>
    </ClCompile>
    <ClCompile Include="base\WinApp.cpp">
      <Filter>base</Filter>
    </ClCompile>
    <ClCompile Include="main.cpp" />
    <ClCompile Include="math\MyMath.cpp">
      <Filter>math</Filter>
    </ClCompile>
    <ClCompile Include="GameObject\BaseManager.cpp">
      <Filter>GameObject</Filter>
    </ClCompile>
    <ClCompile Include="Camera\FPSCamera.cpp">
      <Filter>camera</Filter>
    </ClCompile>
    <ClCompile Include="GameObject\Object\BaseObject.cpp">
      <Filter>GameObject\Object</Filter>
    </ClCompile>
    <ClCompile Include="WorldTransformEX.cpp" />
    <ClCompile Include="GameObject\ObjectManager.cpp">
      <Filter>GameObject\Object\Manager</Filter>
    </ClCompile>
    <ClCompile Include="collision\CollisonManager.cpp">
      <Filter>collision</Filter>
    </ClCompile>
    <ClCompile Include="GameObject\SpriteManager.cpp">
      <Filter>GameObject\Sprite\Manager</Filter>
    </ClCompile>
    <ClCompile Include="GameObject\Sprite\BaseSprite.cpp">
      <Filter>GameObject\Sprite</Filter>
    </ClCompile>
    <ClCompile Include="GameObject\ParticleManager.cpp">
      <Filter>GameObject\Particle\Manager</Filter>
    </ClCompile>
    <ClCompile Include="GameObject\Particle\BaseParticle.cpp">
      <Filter>GameObject\Particle</Filter>
    </ClCompile>
  </ItemGroup>
  <ItemGroup>
    <ClInclude Include="3d\ViewProjection.h">
      <Filter>3d</Filter>
    </ClInclude>
    <ClInclude Include="3d\WorldTransform.h">
      <Filter>3d</Filter>
    </ClInclude>
    <ClInclude Include="3d\CircleShadow.h">
      <Filter>3d</Filter>
    </ClInclude>
    <ClInclude Include="3d\DebugCamera.h">
      <Filter>3d</Filter>
    </ClInclude>
    <ClInclude Include="3d\DirectionalLight.h">
      <Filter>3d</Filter>
    </ClInclude>
    <ClInclude Include="3d\LightGroup.h">
      <Filter>3d</Filter>
    </ClInclude>
    <ClInclude Include="3d\Material.h">
      <Filter>3d</Filter>
    </ClInclude>
    <ClInclude Include="3d\Model.h">
      <Filter>3d</Filter>
    </ClInclude>
    <ClInclude Include="3d\Mesh.h">
      <Filter>3d</Filter>
    </ClInclude>
    <ClInclude Include="3d\PointLight.h">
      <Filter>3d</Filter>
    </ClInclude>
    <ClInclude Include="3d\SpotLight.h">
      <Filter>3d</Filter>
    </ClInclude>
    <ClInclude Include="2d\Sprite.h">
      <Filter>2d</Filter>
    </ClInclude>
    <ClInclude Include="audio\Audio.h">
      <Filter>audo</Filter>
    </ClInclude>
    <ClInclude Include="base\DirectXCommon.h">
      <Filter>base</Filter>
    </ClInclude>
    <ClInclude Include="base\SafeDelete.h">
      <Filter>base</Filter>
    </ClInclude>
    <ClInclude Include="base\TextureManager.h">
      <Filter>base</Filter>
    </ClInclude>
    <ClInclude Include="base\WinApp.h">
      <Filter>base</Filter>
    </ClInclude>
    <ClInclude Include="input\Input.h">
      <Filter>input</Filter>
    </ClInclude>
    <ClInclude Include="3d\AxisIndicator.h">
      <Filter>3d</Filter>
    </ClInclude>
    <ClInclude Include="3d\PrimitiveDrawer.h">
      <Filter>3d</Filter>
    </ClInclude>
    <ClInclude Include="3d\Terrain.h">
      <Filter>3d</Filter>
    </ClInclude>
    <ClInclude Include="3d\TerrainCommon.h">
      <Filter>3d</Filter>
    </ClInclude>
    <ClInclude Include="2d\ImGuiManager.h">
      <Filter>2d</Filter>
    </ClInclude>
    <ClInclude Include="base\StringUtility.h">
      <Filter>base</Filter>
    </ClInclude>
    <ClInclude Include="math\Matrix4x4.h">
      <Filter>math</Filter>
    </ClInclude>
    <ClInclude Include="math\Vector2.h">
      <Filter>math</Filter>
    </ClInclude>
    <ClInclude Include="math\Vector3.h">
      <Filter>math</Filter>
    </ClInclude>
    <ClInclude Include="math\Vector4.h">
      <Filter>math</Filter>
    </ClInclude>
    <ClInclude Include="scene\GameScene.h">
      <Filter>scene</Filter>
    </ClInclude>
    <ClInclude Include="math\MyMath.h">
      <Filter>math</Filter>
    </ClInclude>
    <ClInclude Include="enum\MyEnum.h">
      <Filter>enum</Filter>
    </ClInclude>
    <ClInclude Include="const\MyConst.h">
      <Filter>const</Filter>
    </ClInclude>
    <ClInclude Include="GameObject\BaseManager.h">
      <Filter>GameObject</Filter>
    </ClInclude>
    <ClInclude Include="Camera\FPSCamera.h">
      <Filter>camera</Filter>
    </ClInclude>
    <ClInclude Include="GameObject\Object\BaseObject.h">
      <Filter>GameObject\Object</Filter>
    </ClInclude>
    <ClInclude Include="GameObject\ObjectManager.h">
      <Filter>GameObject\Object\Manager</Filter>
    </ClInclude>
    <ClInclude Include="collision\CollisonManager.h">
      <Filter>collision</Filter>
    </ClInclude>
    <ClInclude Include="GameObject\SpriteManager.h">
      <Filter>GameObject\Sprite\Manager</Filter>
    </ClInclude>
    <ClInclude Include="GameObject\Sprite\BaseSprite.h">
      <Filter>GameObject\Sprite</Filter>
    </ClInclude>
    <ClInclude Include="GameObject\ParticleManager.h">
      <Filter>GameObject\Particle\Manager</Filter>
    </ClInclude>
    <ClInclude Include="GameObject\Particle\BaseParticle.h">
      <Filter>GameObject\Particle</Filter>
    </ClInclude>
  </ItemGroup>
  <ItemGroup>
    <FxCompile Include="Resources\shaders\SpritePS.hlsl">
      <Filter>シェーダー ファイル</Filter>
    </FxCompile>
    <FxCompile Include="Resources\shaders\SpriteVS.hlsl">
      <Filter>シェーダー ファイル</Filter>
    </FxCompile>
    <FxCompile Include="Resources\shaders\ShapeVS.hlsl">
      <Filter>シェーダー ファイル</Filter>
    </FxCompile>
    <FxCompile Include="Resources\shaders\ShapePS.hlsl">
      <Filter>シェーダー ファイル</Filter>
    </FxCompile>
    <FxCompile Include="Resources\shaders\ObjPS.hlsl">
      <Filter>シェーダー ファイル</Filter>
    </FxCompile>
    <FxCompile Include="Resources\shaders\ObjVS.hlsl">
      <Filter>シェーダー ファイル</Filter>
    </FxCompile>
    <FxCompile Include="Resources\shaders\PrimitivePS.hlsl">
      <Filter>シェーダー ファイル</Filter>
    </FxCompile>
    <FxCompile Include="Resources\shaders\PrimitiveVS.hlsl">
      <Filter>シェーダー ファイル</Filter>
    </FxCompile>
    <FxCompile Include="Resources\shaders\TerrainPS.hlsl">
      <Filter>シェーダー ファイル</Filter>
    </FxCompile>
    <FxCompile Include="Resources\shaders\TerrainVS.hlsl">
      <Filter>シェーダー ファイル</Filter>
    </FxCompile>
  </ItemGroup>
  <ItemGroup>
    <None Include="Resources\shaders\Sprite.hlsli">
      <Filter>シェーダー ファイル</Filter>
    </None>
    <None Include="Resources\shaders\Shape.hlsli">
      <Filter>シェーダー ファイル</Filter>
    </None>
    <None Include="Resources\shaders\Obj.hlsli">
      <Filter>シェーダー ファイル</Filter>
    </None>
    <None Include="Resources\shaders\Primitive.hlsli">
      <Filter>シェーダー ファイル</Filter>
    </None>
    <None Include="Resources\shaders\Terrain.hlsli">
      <Filter>シェーダー ファイル</Filter>
    </None>
  </ItemGroup>
</Project>